
Microsoft Visual Studio Solution File, Format Version 12.00
# Visual Studio Version 17
VisualStudioVersion = 17.0.32014.148
MinimumVisualStudioVersion = 10.0.40219.1
Project("{FAE04EC0-301F-11D3-BF4B-00C04F79EFBC}") = "Abr.SudokuSolver.Logik", "Abr.SudokuSolver.Logik\Abr.SudokuSolver.Logik.csproj", "{40F6B61C-F33B-46DC-BA17-E962987F059A}"
EndProject
Project("{FAE04EC0-301F-11D3-BF4B-00C04F79EFBC}") = "Abr.SudokuSolver.Test", "Abr.SudokuSolver.Test\Abr.SudokuSolver.Test.csproj", "{134EC3B1-E46A-4D41-BF92-AD93643B3E47}"
EndProject
Project("{FAE04EC0-301F-11D3-BF4B-00C04F79EFBC}") = "Abr.SudokuSolver.Ui", "Abr.SudokuSolver.Ui\Abr.SudokuSolver.Ui.csproj", "{CAB22E04-6AFE-4A20-8721-B1BCE966194A}"
EndProject
Global
	GlobalSection(SolutionConfigurationPlatforms) = preSolution
		Debug|Any CPU = Debug|Any CPU
		Release|Any CPU = Release|Any CPU
	EndGlobalSection
	GlobalSection(ProjectConfigurationPlatforms) = postSolution
		{40F6B61C-F33B-46DC-BA17-E962987F059A}.Debug|Any CPU.ActiveCfg = Debug|Any CPU
		{40F6B61C-F33B-46DC-BA17-E962987F059A}.Debug|Any CPU.Build.0 = Debug|Any CPU
		{40F6B61C-F33B-46DC-BA17-E962987F059A}.Release|Any CPU.ActiveCfg = Release|Any CPU
		{40F6B61C-F33B-46DC-BA17-E962987F059A}.Release|Any CPU.Build.0 = Release|Any CPU
		{134EC3B1-E46A-4D41-BF92-AD93643B3E47}.Debug|Any CPU.ActiveCfg = Debug|Any CPU
		{134EC3B1-E46A-4D41-BF92-AD93643B3E47}.Debug|Any CPU.Build.0 = Debug|Any CPU
		{134EC3B1-E46A-4D41-BF92-AD93643B3E47}.Release|Any CPU.ActiveCfg = Release|Any CPU
		{134EC3B1-E46A-4D41-BF92-AD93643B3E47}.Release|Any CPU.Build.0 = Release|Any CPU
		{CAB22E04-6AFE-4A20-8721-B1BCE966194A}.Debug|Any CPU.ActiveCfg = Debug|Any CPU
		{CAB22E04-6AFE-4A20-8721-B1BCE966194A}.Debug|Any CPU.Build.0 = Debug|Any CPU
		{CAB22E04-6AFE-4A20-8721-B1BCE966194A}.Release|Any CPU.ActiveCfg = Release|Any CPU
		{CAB22E04-6AFE-4A20-8721-B1BCE966194A}.Release|Any CPU.Build.0 = Release|Any CPU
	EndGlobalSection
	GlobalSection(SolutionProperties) = preSolution
		HideSolutionNode = FALSE
	EndGlobalSection
	GlobalSection(ExtensibilityGlobals) = postSolution
		SolutionGuid = {A74B2BBB-A3F2-4849-B3E5-EFA1D80535C6}
	EndGlobalSection
EndGlobal
